{
    "_readme": [
        "This file locks the dependencies of your project to a known state",
        "Read more about it at https://getcomposer.org/doc/01-basic-usage.md#installing-dependencies",
        "This file is @generated automatically"
    ],
    "content-hash": "3acf876420e7877a24b170d11a1a18c2",
    "packages": [],
    "packages-dev": [
        {
            "name": "humbug/php-scoper",
            "version": "0.12.3",
            "source": {
                "type": "git",
                "url": "https://github.com/humbug/php-scoper.git",
                "reference": "e69999927460a403f8f07bc91b1db2ff2fe934ce"
            },
            "dist": {
                "type": "zip",
                "url": "https://api.github.com/repos/humbug/php-scoper/zipball/e69999927460a403f8f07bc91b1db2ff2fe934ce",
                "reference": "e69999927460a403f8f07bc91b1db2ff2fe934ce",
                "shasum": ""
            },
            "require": {
                "nikic/php-parser": "^4.0",
                "ocramius/package-versions": "^1.1",
                "php": "^7.2",
                "roave/better-reflection": "^3.5",
                "symfony/console": "^3.2 || ^4.0",
                "symfony/filesystem": "^3.2 || ^4.0",
                "symfony/finder": "^3.2 || ^4.0"
            },
            "replace": {
                "humbug/php-scoper": "self.version"
            },
            "require-dev": {
                "bamarni/composer-bin-plugin": "^1.1",
                "humbug/box": "^3.8",
                "phpunit/phpunit": "^8.0"
            },
            "bin": [
                "bin/php-scoper"
            ],
            "type": "library",
            "extra": {
                "bamarni-bin": {
                    "bin-links": false
                },
                "branch-alias": {
                    "dev-master": "1.0-dev"
                }
            },
            "autoload": {
                "files": [
                    "src/functions.php",
                    "src/json.php"
                ],
                "psr-4": {
                    "Humbug\\PhpScoper\\": "src/"
                }
            },
            "notification-url": "https://packagist.org/downloads/",
            "license": [
                "MIT"
            ],
            "authors": [
                {
                    "name": "Bernhard Schussek",
                    "email": "bschussek@gmail.com"
                },
                {
                    "name": "Théo Fidry",
                    "email": "theo.fidry@gmail.com"
                },
                {
                    "name": "Pádraic Brady",
                    "email": "padraic.brady@gmail.com"
                }
            ],
            "description": "Prefixes all PHP namespaces in a file or directory.",
            "time": "2019-06-09T17:44:41+00:00"
        },
        {
            "name": "jetbrains/phpstorm-stubs",
            "version": "v2019.1",
            "source": {
                "type": "git",
                "url": "https://github.com/JetBrains/phpstorm-stubs.git",
                "reference": "9e309771f362e979ecfb429303ad7a402c657234"
            },
            "dist": {
                "type": "zip",
                "url": "https://api.github.com/repos/JetBrains/phpstorm-stubs/zipball/9e309771f362e979ecfb429303ad7a402c657234",
                "reference": "9e309771f362e979ecfb429303ad7a402c657234",
                "shasum": ""
            },
            "require-dev": {
                "nikic/php-parser": "v4.0.1",
                "php": "^7.1",
                "phpdocumentor/reflection-docblock": "^4.3",
                "phpunit/phpunit": "7.1.4"
            },
            "type": "library",
            "notification-url": "https://packagist.org/downloads/",
            "license": [
                "Apache-2.0"
            ],
            "description": "PHP runtime & extensions header files for PhpStorm",
            "homepage": "https://www.jetbrains.com/phpstorm",
            "keywords": [
                "autocomplete",
                "code",
                "inference",
                "inspection",
                "jetbrains",
                "phpstorm",
                "stubs",
                "type"
            ],
            "time": "2019-03-25T16:59:23+00:00"
        },
        {
            "name": "nikic/php-parser",
            "version": "v4.2.2",
            "source": {
                "type": "git",
                "url": "https://github.com/nikic/PHP-Parser.git",
                "reference": "1bd73cc04c3843ad8d6b0bfc0956026a151fc420"
            },
            "dist": {
                "type": "zip",
                "url": "https://api.github.com/repos/nikic/PHP-Parser/zipball/1bd73cc04c3843ad8d6b0bfc0956026a151fc420",
                "reference": "1bd73cc04c3843ad8d6b0bfc0956026a151fc420",
                "shasum": ""
            },
            "require": {
                "ext-tokenizer": "*",
                "php": ">=7.0"
            },
            "require-dev": {
                "phpunit/phpunit": "^6.5 || ^7.0"
            },
            "bin": [
                "bin/php-parse"
            ],
            "type": "library",
            "extra": {
                "branch-alias": {
                    "dev-master": "4.2-dev"
                }
            },
            "autoload": {
                "psr-4": {
                    "PhpParser\\": "lib/PhpParser"
                }
            },
            "notification-url": "https://packagist.org/downloads/",
            "license": [
                "BSD-3-Clause"
            ],
            "authors": [
                {
                    "name": "Nikita Popov"
                }
            ],
            "description": "A PHP parser written in PHP",
            "keywords": [
                "parser",
                "php"
            ],
            "time": "2019-05-25T20:07:01+00:00"
        },
        {
            "name": "ocramius/package-versions",
            "version": "1.4.0",
            "source": {
                "type": "git",
                "url": "https://github.com/Ocramius/PackageVersions.git",
                "reference": "a4d4b60d0e60da2487bd21a2c6ac089f85570dbb"
            },
            "dist": {
                "type": "zip",
                "url": "https://api.github.com/repos/Ocramius/PackageVersions/zipball/a4d4b60d0e60da2487bd21a2c6ac089f85570dbb",
                "reference": "a4d4b60d0e60da2487bd21a2c6ac089f85570dbb",
                "shasum": ""
            },
            "require": {
                "composer-plugin-api": "^1.0.0",
                "php": "^7.1.0"
            },
            "require-dev": {
                "composer/composer": "^1.6.3",
                "doctrine/coding-standard": "^5.0.1",
                "ext-zip": "*",
                "infection/infection": "^0.7.1",
                "phpunit/phpunit": "^7.0.0"
            },
            "type": "composer-plugin",
            "extra": {
                "class": "PackageVersions\\Installer",
                "branch-alias": {
                    "dev-master": "2.0.x-dev"
                }
            },
            "autoload": {
                "psr-4": {
                    "PackageVersions\\": "src/PackageVersions"
                }
            },
            "notification-url": "https://packagist.org/downloads/",
            "license": [
                "MIT"
            ],
            "authors": [
                {
                    "name": "Marco Pivetta",
                    "email": "ocramius@gmail.com"
                }
            ],
            "description": "Composer plugin that provides efficient querying for installed package versions (no runtime IO)",
            "time": "2019-02-21T12:16:21+00:00"
        },
        {
            "name": "phpdocumentor/reflection-common",
            "version": "1.0.1",
            "source": {
                "type": "git",
                "url": "https://github.com/phpDocumentor/ReflectionCommon.git",
                "reference": "21bdeb5f65d7ebf9f43b1b25d404f87deab5bfb6"
            },
            "dist": {
                "type": "zip",
                "url": "https://api.github.com/repos/phpDocumentor/ReflectionCommon/zipball/21bdeb5f65d7ebf9f43b1b25d404f87deab5bfb6",
                "reference": "21bdeb5f65d7ebf9f43b1b25d404f87deab5bfb6",
                "shasum": ""
            },
            "require": {
                "php": ">=5.5"
            },
            "require-dev": {
                "phpunit/phpunit": "^4.6"
            },
            "type": "library",
            "extra": {
                "branch-alias": {
                    "dev-master": "1.0.x-dev"
                }
            },
            "autoload": {
                "psr-4": {
                    "phpDocumentor\\Reflection\\": [
                        "src"
                    ]
                }
            },
            "notification-url": "https://packagist.org/downloads/",
            "license": [
                "MIT"
            ],
            "authors": [
                {
                    "name": "Jaap van Otterdijk",
                    "email": "opensource@ijaap.nl"
                }
            ],
            "description": "Common reflection classes used by phpdocumentor to reflect the code structure",
            "homepage": "http://www.phpdoc.org",
            "keywords": [
                "FQSEN",
                "phpDocumentor",
                "phpdoc",
                "reflection",
                "static analysis"
            ],
            "time": "2017-09-11T18:02:19+00:00"
        },
        {
            "name": "phpdocumentor/reflection-docblock",
            "version": "4.3.1",
            "source": {
                "type": "git",
                "url": "https://github.com/phpDocumentor/ReflectionDocBlock.git",
                "reference": "bdd9f737ebc2a01c06ea7ff4308ec6697db9b53c"
            },
            "dist": {
                "type": "zip",
                "url": "https://api.github.com/repos/phpDocumentor/ReflectionDocBlock/zipball/bdd9f737ebc2a01c06ea7ff4308ec6697db9b53c",
                "reference": "bdd9f737ebc2a01c06ea7ff4308ec6697db9b53c",
                "shasum": ""
            },
            "require": {
                "php": "^7.0",
                "phpdocumentor/reflection-common": "^1.0.0",
                "phpdocumentor/type-resolver": "^0.4.0",
                "webmozart/assert": "^1.0"
            },
            "require-dev": {
                "doctrine/instantiator": "~1.0.5",
                "mockery/mockery": "^1.0",
                "phpunit/phpunit": "^6.4"
            },
            "type": "library",
            "extra": {
                "branch-alias": {
                    "dev-master": "4.x-dev"
                }
            },
            "autoload": {
                "psr-4": {
                    "phpDocumentor\\Reflection\\": [
                        "src/"
                    ]
                }
            },
            "notification-url": "https://packagist.org/downloads/",
            "license": [
                "MIT"
            ],
            "authors": [
                {
                    "name": "Mike van Riel",
                    "email": "me@mikevanriel.com"
                }
            ],
            "description": "With this component, a library can provide support for annotations via DocBlocks or otherwise retrieve information that is embedded in a DocBlock.",
            "time": "2019-04-30T17:48:53+00:00"
        },
        {
            "name": "phpdocumentor/type-resolver",
            "version": "0.4.0",
            "source": {
                "type": "git",
                "url": "https://github.com/phpDocumentor/TypeResolver.git",
                "reference": "9c977708995954784726e25d0cd1dddf4e65b0f7"
            },
            "dist": {
                "type": "zip",
                "url": "https://api.github.com/repos/phpDocumentor/TypeResolver/zipball/9c977708995954784726e25d0cd1dddf4e65b0f7",
                "reference": "9c977708995954784726e25d0cd1dddf4e65b0f7",
                "shasum": ""
            },
            "require": {
                "php": "^5.5 || ^7.0",
                "phpdocumentor/reflection-common": "^1.0"
            },
            "require-dev": {
                "mockery/mockery": "^0.9.4",
                "phpunit/phpunit": "^5.2||^4.8.24"
            },
            "type": "library",
            "extra": {
                "branch-alias": {
                    "dev-master": "1.0.x-dev"
                }
            },
            "autoload": {
                "psr-4": {
                    "phpDocumentor\\Reflection\\": [
                        "src/"
                    ]
                }
            },
            "notification-url": "https://packagist.org/downloads/",
            "license": [
                "MIT"
            ],
            "authors": [
                {
                    "name": "Mike van Riel",
                    "email": "me@mikevanriel.com"
                }
            ],
            "time": "2017-07-14T14:27:02+00:00"
        },
        {
            "name": "roave/better-reflection",
            "version": "3.5.0",
            "source": {
                "type": "git",
                "url": "https://github.com/Roave/BetterReflection.git",
                "reference": "a93d26f6f08add54943d752dad1da64c464c2e69"
            },
            "dist": {
                "type": "zip",
                "url": "https://api.github.com/repos/Roave/BetterReflection/zipball/a93d26f6f08add54943d752dad1da64c464c2e69",
                "reference": "a93d26f6f08add54943d752dad1da64c464c2e69",
                "shasum": ""
            },
            "require": {
                "ext-json": "*",
                "jetbrains/phpstorm-stubs": "2019.1",
                "nikic/php-parser": "^4.2.1",
                "php": ">=7.2.0,<7.5.0",
                "phpdocumentor/reflection-docblock": "^4.1.1",
                "phpdocumentor/type-resolver": "^0.4.0",
                "roave/signature": "^1.0"
            },
            "require-dev": {
                "doctrine/coding-standard": "^6.0",
                "phpunit/phpunit": "^8.1.0"
            },
            "suggest": {
                "composer/composer": "Required to use the ComposerSourceLocator"
            },
            "type": "library",
            "extra": {
                "branch-alias": {
                    "dev-master": "4.0-dev"
                }
            },
            "autoload": {
                "psr-4": {
                    "Roave\\BetterReflection\\": "src"
                }
            },
            "notification-url": "https://packagist.org/downloads/",
            "license": [
                "MIT"
            ],
            "authors": [
                {
                    "name": "James Titcumb",
                    "email": "james@asgrim.com",
                    "homepage": "https://github.com/asgrim"
                },
                {
                    "name": "Gary Hockin",
                    "email": "gary@roave.com",
                    "homepage": "https://github.com/geeh"
                },
                {
                    "name": "Jaroslav Hanslík",
                    "email": "kukulich@kukulich.cz",
                    "homepage": "https://github.com/kukulich"
                },
                {
                    "name": "Marco Pivetta",
                    "email": "ocramius@gmail.com",
                    "homepage": "https://ocramius.github.io/"
                }
            ],
            "description": "Better Reflection - an improved code reflection API",
            "time": "2019-05-28T00:00:03+00:00"
        },
        {
            "name": "roave/signature",
            "version": "1.0.0",
            "source": {
                "type": "git",
                "url": "https://github.com/Roave/Signature.git",
                "reference": "bed4ecbdd7f312ab6bb39561ac191f520bcee386"
            },
            "dist": {
                "type": "zip",
                "url": "https://api.github.com/repos/Roave/Signature/zipball/bed4ecbdd7f312ab6bb39561ac191f520bcee386",
                "reference": "bed4ecbdd7f312ab6bb39561ac191f520bcee386",
                "shasum": ""
            },
            "require": {
                "php": "^7.0|^7.1"
            },
            "require-dev": {
                "phpunit/phpunit": "^5.6"
            },
            "type": "library",
            "autoload": {
                "psr-4": {
                    "Roave\\Signature\\": "src"
                }
            },
            "notification-url": "https://packagist.org/downloads/",
            "license": [
                "MIT"
            ],
            "description": "Sign and verify stuff",
            "time": "2017-02-17T13:53:21+00:00"
        },
        {
            "name": "symfony/console",
            "version": "v4.3.1",
            "source": {
                "type": "git",
                "url": "https://github.com/symfony/console.git",
                "reference": "d50bbeeb0e17e6dd4124ea391eff235e932cbf64"
            },
            "dist": {
                "type": "zip",
                "url": "https://api.github.com/repos/symfony/console/zipball/d50bbeeb0e17e6dd4124ea391eff235e932cbf64",
                "reference": "d50bbeeb0e17e6dd4124ea391eff235e932cbf64",
                "shasum": ""
            },
            "require": {
                "php": "^7.1.3",
                "symfony/polyfill-mbstring": "~1.0",
                "symfony/polyfill-php73": "^1.8",
                "symfony/service-contracts": "^1.1"
            },
            "conflict": {
                "symfony/dependency-injection": "<3.4",
                "symfony/event-dispatcher": "<4.3",
                "symfony/process": "<3.3"
            },
            "provide": {
                "psr/log-implementation": "1.0"
            },
            "require-dev": {
                "psr/log": "~1.0",
                "symfony/config": "~3.4|~4.0",
                "symfony/dependency-injection": "~3.4|~4.0",
                "symfony/event-dispatcher": "^4.3",
                "symfony/lock": "~3.4|~4.0",
                "symfony/process": "~3.4|~4.0",
                "symfony/var-dumper": "^4.3"
            },
            "suggest": {
                "psr/log": "For using the console logger",
                "symfony/event-dispatcher": "",
                "symfony/lock": "",
                "symfony/process": ""
            },
            "type": "library",
            "extra": {
                "branch-alias": {
                    "dev-master": "4.3-dev"
                }
            },
            "autoload": {
                "psr-4": {
                    "Symfony\\Component\\Console\\": ""
                },
                "exclude-from-classmap": [
                    "/Tests/"
                ]
            },
            "notification-url": "https://packagist.org/downloads/",
            "license": [
                "MIT"
            ],
            "authors": [
                {
                    "name": "Fabien Potencier",
                    "email": "fabien@symfony.com"
                },
                {
                    "name": "Symfony Community",
                    "homepage": "https://symfony.com/contributors"
                }
            ],
            "description": "Symfony Console Component",
            "homepage": "https://symfony.com",
            "time": "2019-06-05T13:25:51+00:00"
        },
        {
            "name": "symfony/filesystem",
            "version": "v4.3.1",
            "source": {
                "type": "git",
                "url": "https://github.com/symfony/filesystem.git",
                "reference": "bf2af40d738dec5e433faea7b00daa4431d0a4cf"
            },
            "dist": {
                "type": "zip",
                "url": "https://api.github.com/repos/symfony/filesystem/zipball/bf2af40d738dec5e433faea7b00daa4431d0a4cf",
                "reference": "bf2af40d738dec5e433faea7b00daa4431d0a4cf",
                "shasum": ""
            },
            "require": {
                "php": "^7.1.3",
                "symfony/polyfill-ctype": "~1.8"
            },
            "type": "library",
            "extra": {
                "branch-alias": {
                    "dev-master": "4.3-dev"
                }
            },
            "autoload": {
                "psr-4": {
                    "Symfony\\Component\\Filesystem\\": ""
                },
                "exclude-from-classmap": [
                    "/Tests/"
                ]
            },
            "notification-url": "https://packagist.org/downloads/",
            "license": [
                "MIT"
            ],
            "authors": [
                {
                    "name": "Fabien Potencier",
                    "email": "fabien@symfony.com"
                },
                {
                    "name": "Symfony Community",
                    "homepage": "https://symfony.com/contributors"
                }
            ],
            "description": "Symfony Filesystem Component",
            "homepage": "https://symfony.com",
            "time": "2019-06-03T20:27:40+00:00"
        },
        {
            "name": "symfony/finder",
            "version": "v4.3.1",
            "source": {
                "type": "git",
                "url": "https://github.com/symfony/finder.git",
                "reference": "b3d4f4c0e4eadfdd8b296af9ca637cfbf51d8176"
            },
            "dist": {
                "type": "zip",
                "url": "https://api.github.com/repos/symfony/finder/zipball/b3d4f4c0e4eadfdd8b296af9ca637cfbf51d8176",
                "reference": "b3d4f4c0e4eadfdd8b296af9ca637cfbf51d8176",
                "shasum": ""
            },
            "require": {
                "php": "^7.1.3"
            },
            "type": "library",
            "extra": {
                "branch-alias": {
                    "dev-master": "4.3-dev"
                }
            },
            "autoload": {
                "psr-4": {
                    "Symfony\\Component\\Finder\\": ""
                },
                "exclude-from-classmap": [
                    "/Tests/"
                ]
            },
            "notification-url": "https://packagist.org/downloads/",
            "license": [
                "MIT"
            ],
            "authors": [
                {
                    "name": "Fabien Potencier",
                    "email": "fabien@symfony.com"
                },
                {
                    "name": "Symfony Community",
                    "homepage": "https://symfony.com/contributors"
                }
            ],
            "description": "Symfony Finder Component",
            "homepage": "https://symfony.com",
            "time": "2019-05-26T20:47:49+00:00"
        },
        {
            "name": "symfony/polyfill-ctype",
            "version": "v1.11.0",
            "source": {
                "type": "git",
                "url": "https://github.com/symfony/polyfill-ctype.git",
                "reference": "82ebae02209c21113908c229e9883c419720738a"
            },
            "dist": {
                "type": "zip",
                "url": "https://api.github.com/repos/symfony/polyfill-ctype/zipball/82ebae02209c21113908c229e9883c419720738a",
                "reference": "82ebae02209c21113908c229e9883c419720738a",
                "shasum": ""
            },
            "require": {
                "php": ">=5.3.3"
            },
            "suggest": {
                "ext-ctype": "For best performance"
            },
            "type": "library",
            "extra": {
                "branch-alias": {
                    "dev-master": "1.11-dev"
                }
            },
            "autoload": {
                "psr-4": {
                    "Symfony\\Polyfill\\Ctype\\": ""
                },
                "files": [
                    "bootstrap.php"
                ]
            },
            "notification-url": "https://packagist.org/downloads/",
            "license": [
                "MIT"
            ],
            "authors": [
                {
                    "name": "Symfony Community",
                    "homepage": "https://symfony.com/contributors"
                },
                {
                    "name": "Gert de Pagter",
                    "email": "BackEndTea@gmail.com"
                }
            ],
            "description": "Symfony polyfill for ctype functions",
            "homepage": "https://symfony.com",
            "keywords": [
                "compatibility",
                "ctype",
                "polyfill",
                "portable"
            ],
            "time": "2019-02-06T07:57:58+00:00"
        },
        {
            "name": "symfony/polyfill-mbstring",
            "version": "v1.11.0",
            "source": {
                "type": "git",
                "url": "https://github.com/symfony/polyfill-mbstring.git",
                "reference": "fe5e94c604826c35a32fa832f35bd036b6799609"
            },
            "dist": {
                "type": "zip",
                "url": "https://api.github.com/repos/symfony/polyfill-mbstring/zipball/fe5e94c604826c35a32fa832f35bd036b6799609",
                "reference": "fe5e94c604826c35a32fa832f35bd036b6799609",
                "shasum": ""
            },
            "require": {
                "php": ">=5.3.3"
            },
            "suggest": {
                "ext-mbstring": "For best performance"
            },
            "type": "library",
            "extra": {
                "branch-alias": {
                    "dev-master": "1.11-dev"
                }
            },
            "autoload": {
                "psr-4": {
                    "Symfony\\Polyfill\\Mbstring\\": ""
                },
                "files": [
                    "bootstrap.php"
                ]
            },
            "notification-url": "https://packagist.org/downloads/",
            "license": [
                "MIT"
            ],
            "authors": [
                {
                    "name": "Nicolas Grekas",
                    "email": "p@tchwork.com"
                },
                {
                    "name": "Symfony Community",
                    "homepage": "https://symfony.com/contributors"
                }
            ],
            "description": "Symfony polyfill for the Mbstring extension",
            "homepage": "https://symfony.com",
            "keywords": [
                "compatibility",
                "mbstring",
                "polyfill",
                "portable",
                "shim"
            ],
            "time": "2019-02-06T07:57:58+00:00"
        },
        {
            "name": "symfony/polyfill-php73",
            "version": "v1.11.0",
            "source": {
                "type": "git",
                "url": "https://github.com/symfony/polyfill-php73.git",
                "reference": "d1fb4abcc0c47be136208ad9d68bf59f1ee17abd"
            },
            "dist": {
                "type": "zip",
                "url": "https://api.github.com/repos/symfony/polyfill-php73/zipball/d1fb4abcc0c47be136208ad9d68bf59f1ee17abd",
                "reference": "d1fb4abcc0c47be136208ad9d68bf59f1ee17abd",
                "shasum": ""
            },
            "require": {
                "php": ">=5.3.3"
            },
            "type": "library",
            "extra": {
                "branch-alias": {
                    "dev-master": "1.11-dev"
                }
            },
            "autoload": {
                "psr-4": {
                    "Symfony\\Polyfill\\Php73\\": ""
                },
                "files": [
                    "bootstrap.php"
                ],
                "classmap": [
                    "Resources/stubs"
                ]
            },
            "notification-url": "https://packagist.org/downloads/",
            "license": [
                "MIT"
            ],
            "authors": [
                {
                    "name": "Nicolas Grekas",
                    "email": "p@tchwork.com"
                },
                {
                    "name": "Symfony Community",
                    "homepage": "https://symfony.com/contributors"
                }
            ],
            "description": "Symfony polyfill backporting some PHP 7.3+ features to lower PHP versions",
            "homepage": "https://symfony.com",
            "keywords": [
                "compatibility",
                "polyfill",
                "portable",
                "shim"
            ],
            "time": "2019-02-06T07:57:58+00:00"
        },
        {
            "name": "symfony/service-contracts",
            "version": "v1.1.2",
            "source": {
                "type": "git",
                "url": "https://github.com/symfony/service-contracts.git",
                "reference": "191afdcb5804db960d26d8566b7e9a2843cab3a0"
            },
            "dist": {
                "type": "zip",
                "url": "https://api.github.com/repos/symfony/service-contracts/zipball/191afdcb5804db960d26d8566b7e9a2843cab3a0",
                "reference": "191afdcb5804db960d26d8566b7e9a2843cab3a0",
                "shasum": ""
            },
            "require": {
                "php": "^7.1.3"
            },
            "suggest": {
                "psr/container": "",
                "symfony/service-implementation": ""
            },
            "type": "library",
            "extra": {
                "branch-alias": {
                    "dev-master": "1.1-dev"
                }
            },
            "autoload": {
                "psr-4": {
                    "Symfony\\Contracts\\Service\\": ""
                }
            },
            "notification-url": "https://packagist.org/downloads/",
            "license": [
                "MIT"
            ],
            "authors": [
                {
                    "name": "Nicolas Grekas",
                    "email": "p@tchwork.com"
                },
                {
                    "name": "Symfony Community",
                    "homepage": "https://symfony.com/contributors"
                }
            ],
            "description": "Generic abstractions related to writing services",
            "homepage": "https://symfony.com",
            "keywords": [
                "abstractions",
                "contracts",
                "decoupling",
                "interfaces",
                "interoperability",
                "standards"
            ],
            "time": "2019-05-28T07:50:59+00:00"
        },
        {
            "name": "webmozart/assert",
            "version": "1.4.0",
            "source": {
                "type": "git",
                "url": "https://github.com/webmozart/assert.git",
                "reference": "83e253c8e0be5b0257b881e1827274667c5c17a9"
            },
            "dist": {
                "type": "zip",
                "url": "https://api.github.com/repos/webmozart/assert/zipball/83e253c8e0be5b0257b881e1827274667c5c17a9",
                "reference": "83e253c8e0be5b0257b881e1827274667c5c17a9",
                "shasum": ""
            },
            "require": {
                "php": "^5.3.3 || ^7.0",
                "symfony/polyfill-ctype": "^1.8"
            },
            "require-dev": {
                "phpunit/phpunit": "^4.6",
                "sebastian/version": "^1.0.1"
            },
            "type": "library",
            "extra": {
                "branch-alias": {
                    "dev-master": "1.3-dev"
                }
            },
            "autoload": {
                "psr-4": {
                    "Webmozart\\Assert\\": "src/"
                }
            },
            "notification-url": "https://packagist.org/downloads/",
            "license": [
                "MIT"
            ],
            "authors": [
                {
                    "name": "Bernhard Schussek",
                    "email": "bschussek@gmail.com"
                }
            ],
            "description": "Assertions to validate method input/output with nice error messages.",
            "keywords": [
                "assert",
                "check",
                "validate"
            ],
            "time": "2018-12-25T11:19:39+00:00"
        }
    ],
    "aliases": [],
    "minimum-stability": "stable",
    "stability-flags": [],
    "prefer-stable": false,
    "prefer-lowest": false,
    "platform": [],
    "platform-dev": []
}
